
Microsoft Visual Studio Solution File, Format Version 12.00
# Visual Studio Version 16
VisualStudioVersion = 16.0.31624.102
MinimumVisualStudioVersion = 10.0.40219.1
Project("{FAE04EC0-301F-11D3-BF4B-00C04F79EFBC}") = "IdentityCore", "IdentityCore.csproj", "{88CC378A-2CB8-475D-AB51-F1049AB1347E}"
EndProject
Global
	GlobalSection(SolutionConfigurationPlatforms) = preSolution
		Debug|Any CPU = Debug|Any CPU
		Release|Any CPU = Release|Any CPU
	EndGlobalSection
	GlobalSection(ProjectConfigurationPlatforms) = postSolution
		{88CC378A-2CB8-475D-AB51-F1049AB1347E}.Debug|Any CPU.ActiveCfg = Debug|Any CPU
		{88CC378A-2CB8-475D-AB51-F1049AB1347E}.Debug|Any CPU.Build.0 = Debug|Any CPU
		{88CC378A-2CB8-475D-AB51-F1049AB1347E}.Release|Any CPU.ActiveCfg = Release|Any CPU
		{88CC378A-2CB8-475D-AB51-F1049AB1347E}.Release|Any CPU.Build.0 = Release|Any CPU
	EndGlobalSection
	GlobalSection(SolutionProperties) = preSolution
		HideSolutionNode = FALSE
	EndGlobalSection
	GlobalSection(ExtensibilityGlobals) = postSolution
		SolutionGuid = {3772BD8A-3466-425A-8BCB-2FB0D3BE7AEC}
	EndGlobalSection
EndGlobal
